
Microsoft Visual Studio Solution File, Format Version 12.00
# Visual Studio Version 17
VisualStudioVersion = 17.2.32630.192
MinimumVisualStudioVersion = 10.0.40219.1
Project("{2150E333-8FDC-42A3-9474-1A3956D46DE8}") = "Services", "Services", "{4C76BD7F-4940-4D4E-AEC6-79A37987B1A9}"
EndProject
Project("{2150E333-8FDC-42A3-9474-1A3956D46DE8}") = "Catalog", "Catalog", "{21DDB1C2-6073-428A-800B-B0D2F64FDD8C}"
EndProject
Project("{9A19103F-16F7-4668-BE54-9A1E7A4F7556}") = "Catalog.Api", "Services\Catalog\Catalog.Api\Catalog.Api.csproj", "{6D466B00-6892-4EAD-A4B1-DCBFAB567949}"
EndProject
Project("{E53339B2-1760-4266-BCC7-CA923CBCF16C}") = "docker-compose", "docker-compose.dcproj", "{E622E38D-D9C0-447C-8291-F5DB48309596}"
EndProject
Project("{2150E333-8FDC-42A3-9474-1A3956D46DE8}") = "Basket", "Basket", "{81381502-B6BB-4A92-86AB-E89FAB58FC6B}"
EndProject
Project("{9A19103F-16F7-4668-BE54-9A1E7A4F7556}") = "Basket.Api", "Services\Basket\Basket.Api\Basket.Api.csproj", "{326B5E9C-E092-465F-99D5-33FED90825DA}"
EndProject
Project("{2150E333-8FDC-42A3-9474-1A3956D46DE8}") = "Discount", "Discount", "{E21A9797-1E63-4E07-AA40-950E05149055}"
EndProject
Project("{9A19103F-16F7-4668-BE54-9A1E7A4F7556}") = "Discount.Api", "Services\Discount\Discount.Api\Discount.Api.csproj", "{EA810D99-D24A-408A-AA9E-69C815D0188E}"
EndProject
Project("{9A19103F-16F7-4668-BE54-9A1E7A4F7556}") = "Discount.GRPC", "Services\Discount\Discount.GRPC\Discount.GRPC.csproj", "{9FBB2BBB-E1ED-4992-A3AE-00141AD61471}"
EndProject
Project("{2150E333-8FDC-42A3-9474-1A3956D46DE8}") = "Ordering", "Ordering", "{3EE02704-C1CD-4BB0-BAA0-A098D9A30243}"
EndProject
Project("{9A19103F-16F7-4668-BE54-9A1E7A4F7556}") = "Ordering.Api", "Services\Ordering\Ordering.Api\Ordering.Api.csproj", "{FEC7583C-30FD-4857-90B3-53C99909B009}"
EndProject
Project("{9A19103F-16F7-4668-BE54-9A1E7A4F7556}") = "Ordering.Domain", "Services\Ordering\Ordering.Domain\Ordering.Domain.csproj", "{CAD7C5D9-0DA2-41B7-AE49-C324C067243F}"
EndProject
Project("{9A19103F-16F7-4668-BE54-9A1E7A4F7556}") = "Ordering.Application", "Services\Ordering\Ordering.Application\Ordering.Application.csproj", "{5BBDBEA0-8C7F-4380-9DCA-7AD82D546011}"
EndProject
Project("{9A19103F-16F7-4668-BE54-9A1E7A4F7556}") = "Ordering.Infrastructure", "Services\Ordering\Ordering.Infrastructure\Ordering.Infrastructure.csproj", "{C4131ACA-2409-44C6-A4D1-7FB70EAC9611}"
EndProject
Project("{2150E333-8FDC-42A3-9474-1A3956D46DE8}") = "BuildingBlocks", "BuildingBlocks", "{19FF51FF-61BC-4358-9E9F-43FA66805C59}"
EndProject
Project("{9A19103F-16F7-4668-BE54-9A1E7A4F7556}") = "EventBus.Messages", "BuildingBlocks\EventBus.Messages\EventBus.Messages.csproj", "{BFEA81BF-8181-4AC1-BFE2-7B91A17E38EB}"
EndProject
Project("{2150E333-8FDC-42A3-9474-1A3956D46DE8}") = "ApiGateWays", "ApiGateWays", "{FD2C7C96-DB01-4800-B6FE-540F973EC27C}"
EndProject
Project("{FAE04EC0-301F-11D3-BF4B-00C04F79EFBC}") = "OcelotApiGw", "ApiGateWays\OcelotApiGw\OcelotApiGw.csproj", "{A5D99CD5-66D1-4867-AE05-C6346AEFA6AA}"
EndProject
Global
	GlobalSection(SolutionConfigurationPlatforms) = preSolution
		Debug|Any CPU = Debug|Any CPU
		Release|Any CPU = Release|Any CPU
	EndGlobalSection
	GlobalSection(ProjectConfigurationPlatforms) = postSolution
		{6D466B00-6892-4EAD-A4B1-DCBFAB567949}.Debug|Any CPU.ActiveCfg = Debug|Any CPU
		{6D466B00-6892-4EAD-A4B1-DCBFAB567949}.Debug|Any CPU.Build.0 = Debug|Any CPU
		{6D466B00-6892-4EAD-A4B1-DCBFAB567949}.Release|Any CPU.ActiveCfg = Release|Any CPU
		{6D466B00-6892-4EAD-A4B1-DCBFAB567949}.Release|Any CPU.Build.0 = Release|Any CPU
		{E622E38D-D9C0-447C-8291-F5DB48309596}.Debug|Any CPU.ActiveCfg = Debug|Any CPU
		{E622E38D-D9C0-447C-8291-F5DB48309596}.Debug|Any CPU.Build.0 = Debug|Any CPU
		{E622E38D-D9C0-447C-8291-F5DB48309596}.Release|Any CPU.ActiveCfg = Release|Any CPU
		{E622E38D-D9C0-447C-8291-F5DB48309596}.Release|Any CPU.Build.0 = Release|Any CPU
		{326B5E9C-E092-465F-99D5-33FED90825DA}.Debug|Any CPU.ActiveCfg = Debug|Any CPU
		{326B5E9C-E092-465F-99D5-33FED90825DA}.Debug|Any CPU.Build.0 = Debug|Any CPU
		{326B5E9C-E092-465F-99D5-33FED90825DA}.Release|Any CPU.ActiveCfg = Release|Any CPU
		{326B5E9C-E092-465F-99D5-33FED90825DA}.Release|Any CPU.Build.0 = Release|Any CPU
		{EA810D99-D24A-408A-AA9E-69C815D0188E}.Debug|Any CPU.ActiveCfg = Debug|Any CPU
		{EA810D99-D24A-408A-AA9E-69C815D0188E}.Debug|Any CPU.Build.0 = Debug|Any CPU
		{EA810D99-D24A-408A-AA9E-69C815D0188E}.Release|Any CPU.ActiveCfg = Release|Any CPU
		{EA810D99-D24A-408A-AA9E-69C815D0188E}.Release|Any CPU.Build.0 = Release|Any CPU
		{9FBB2BBB-E1ED-4992-A3AE-00141AD61471}.Debug|Any CPU.ActiveCfg = Debug|Any CPU
		{9FBB2BBB-E1ED-4992-A3AE-00141AD61471}.Debug|Any CPU.Build.0 = Debug|Any CPU
		{9FBB2BBB-E1ED-4992-A3AE-00141AD61471}.Release|Any CPU.ActiveCfg = Release|Any CPU
		{9FBB2BBB-E1ED-4992-A3AE-00141AD61471}.Release|Any CPU.Build.0 = Release|Any CPU
		{FEC7583C-30FD-4857-90B3-53C99909B009}.Debug|Any CPU.ActiveCfg = Debug|Any CPU
		{FEC7583C-30FD-4857-90B3-53C99909B009}.Debug|Any CPU.Build.0 = Debug|Any CPU
		{FEC7583C-30FD-4857-90B3-53C99909B009}.Release|Any CPU.ActiveCfg = Release|Any CPU
		{FEC7583C-30FD-4857-90B3-53C99909B009}.Release|Any CPU.Build.0 = Release|Any CPU
		{CAD7C5D9-0DA2-41B7-AE49-C324C067243F}.Debug|Any CPU.ActiveCfg = Debug|Any CPU
		{CAD7C5D9-0DA2-41B7-AE49-C324C067243F}.Debug|Any CPU.Build.0 = Debug|Any CPU
		{CAD7C5D9-0DA2-41B7-AE49-C324C067243F}.Release|Any CPU.ActiveCfg = Release|Any CPU
		{CAD7C5D9-0DA2-41B7-AE49-C324C067243F}.Release|Any CPU.Build.0 = Release|Any CPU
		{5BBDBEA0-8C7F-4380-9DCA-7AD82D546011}.Debug|Any CPU.ActiveCfg = Debug|Any CPU
		{5BBDBEA0-8C7F-4380-9DCA-7AD82D546011}.Debug|Any CPU.Build.0 = Debug|Any CPU
		{5BBDBEA0-8C7F-4380-9DCA-7AD82D546011}.Release|Any CPU.ActiveCfg = Release|Any CPU
		{5BBDBEA0-8C7F-4380-9DCA-7AD82D546011}.Release|Any CPU.Build.0 = Release|Any CPU
		{C4131ACA-2409-44C6-A4D1-7FB70EAC9611}.Debug|Any CPU.ActiveCfg = Debug|Any CPU
		{C4131ACA-2409-44C6-A4D1-7FB70EAC9611}.Debug|Any CPU.Build.0 = Debug|Any CPU
		{C4131ACA-2409-44C6-A4D1-7FB70EAC9611}.Release|Any CPU.ActiveCfg = Release|Any CPU
		{C4131ACA-2409-44C6-A4D1-7FB70EAC9611}.Release|Any CPU.Build.0 = Release|Any CPU
		{BFEA81BF-8181-4AC1-BFE2-7B91A17E38EB}.Debug|Any CPU.ActiveCfg = Debug|Any CPU
		{BFEA81BF-8181-4AC1-BFE2-7B91A17E38EB}.Debug|Any CPU.Build.0 = Debug|Any CPU
		{BFEA81BF-8181-4AC1-BFE2-7B91A17E38EB}.Release|Any CPU.ActiveCfg = Release|Any CPU
		{BFEA81BF-8181-4AC1-BFE2-7B91A17E38EB}.Release|Any CPU.Build.0 = Release|Any CPU
		{A5D99CD5-66D1-4867-AE05-C6346AEFA6AA}.Debug|Any CPU.ActiveCfg = Debug|Any CPU
		{A5D99CD5-66D1-4867-AE05-C6346AEFA6AA}.Debug|Any CPU.Build.0 = Debug|Any CPU
		{A5D99CD5-66D1-4867-AE05-C6346AEFA6AA}.Release|Any CPU.ActiveCfg = Release|Any CPU
		{A5D99CD5-66D1-4867-AE05-C6346AEFA6AA}.Release|Any CPU.Build.0 = Release|Any CPU
	EndGlobalSection
	GlobalSection(SolutionProperties) = preSolution
		HideSolutionNode = FALSE
	EndGlobalSection
	GlobalSection(NestedProjects) = preSolution
		{21DDB1C2-6073-428A-800B-B0D2F64FDD8C} = {4C76BD7F-4940-4D4E-AEC6-79A37987B1A9}
		{6D466B00-6892-4EAD-A4B1-DCBFAB567949} = {21DDB1C2-6073-428A-800B-B0D2F64FDD8C}
		{81381502-B6BB-4A92-86AB-E89FAB58FC6B} = {4C76BD7F-4940-4D4E-AEC6-79A37987B1A9}
		{326B5E9C-E092-465F-99D5-33FED90825DA} = {81381502-B6BB-4A92-86AB-E89FAB58FC6B}
		{E21A9797-1E63-4E07-AA40-950E05149055} = {4C76BD7F-4940-4D4E-AEC6-79A37987B1A9}
		{EA810D99-D24A-408A-AA9E-69C815D0188E} = {E21A9797-1E63-4E07-AA40-950E05149055}
		{9FBB2BBB-E1ED-4992-A3AE-00141AD61471} = {E21A9797-1E63-4E07-AA40-950E05149055}
		{3EE02704-C1CD-4BB0-BAA0-A098D9A30243} = {4C76BD7F-4940-4D4E-AEC6-79A37987B1A9}
		{FEC7583C-30FD-4857-90B3-53C99909B009} = {3EE02704-C1CD-4BB0-BAA0-A098D9A30243}
		{CAD7C5D9-0DA2-41B7-AE49-C324C067243F} = {3EE02704-C1CD-4BB0-BAA0-A098D9A30243}
		{5BBDBEA0-8C7F-4380-9DCA-7AD82D546011} = {3EE02704-C1CD-4BB0-BAA0-A098D9A30243}
		{C4131ACA-2409-44C6-A4D1-7FB70EAC9611} = {3EE02704-C1CD-4BB0-BAA0-A098D9A30243}
		{BFEA81BF-8181-4AC1-BFE2-7B91A17E38EB} = {19FF51FF-61BC-4358-9E9F-43FA66805C59}
		{A5D99CD5-66D1-4867-AE05-C6346AEFA6AA} = {FD2C7C96-DB01-4800-B6FE-540F973EC27C}
	EndGlobalSection
	GlobalSection(ExtensibilityGlobals) = postSolution
		SolutionGuid = {F34B9B66-8E84-4F68-AE8C-88ABDBCE4B9F}
	EndGlobalSection
EndGlobal
